
Microsoft Visual Studio Solution File, Format Version 12.00
# Visual Studio Version 17
VisualStudioVersion = 17.8.34322.80
MinimumVisualStudioVersion = 10.0.40219.1
Project("{FAE04EC0-301F-11D3-BF4B-00C04F79EFBC}") = "useCase", "useCase\useCase.csproj", "{2CFAA69C-5F62-4A6A-BC67-EF325E058AD3}"
EndProject
Project("{2150E333-8FDC-42A3-9474-1A3956D46DE8}") = "Solution Items", "Solution Items", "{97AC3B1F-BB05-4B36-9CCD-AE16BE7266CC}"
	ProjectSection(SolutionItems) = preProject
		.editorconfig = .editorconfig
	EndProjectSection
EndProject
Global
	GlobalSection(SolutionConfigurationPlatforms) = preSolution
		Debug|Any CPU = Debug|Any CPU
		Release|Any CPU = Release|Any CPU
	EndGlobalSection
	GlobalSection(ProjectConfigurationPlatforms) = postSolution
		{2CFAA69C-5F62-4A6A-BC67-EF325E058AD3}.Debug|Any CPU.ActiveCfg = Debug|Any CPU
		{2CFAA69C-5F62-4A6A-BC67-EF325E058AD3}.Debug|Any CPU.Build.0 = Debug|Any CPU
		{2CFAA69C-5F62-4A6A-BC67-EF325E058AD3}.Release|Any CPU.ActiveCfg = Release|Any CPU
		{2CFAA69C-5F62-4A6A-BC67-EF325E058AD3}.Release|Any CPU.Build.0 = Release|Any CPU
	EndGlobalSection
	GlobalSection(SolutionProperties) = preSolution
		HideSolutionNode = FALSE
	EndGlobalSection
	GlobalSection(ExtensibilityGlobals) = postSolution
		SolutionGuid = {A27B1CBC-E9E2-40A9-9522-58F4B1C6D606}
	EndGlobalSection
EndGlobal
